// !$*UTF8*$!
{
	archiveVersion = 1;
	classes = {
	};
	objectVersion = 48;
	objects = {

/* Begin PBXBuildFile section */
		594F60C1ED162233842E0488 /* Pods_FinApp.framework in Frameworks */ = {isa = PBXBuildFile; fileRef = 32E0FB00FA9589858153CA4F /* Pods_FinApp.framework */; };
		8452C36A1FC226C400A5C18D /* cat-myau.mp3 in Resources */ = {isa = PBXBuildFile; fileRef = 8452C3691FC226C400A5C18D /* cat-myau.mp3 */; };
		84D5776B1FC1C33B00F04D13 /* AppDelegate.swift in Sources */ = {isa = PBXBuildFile; fileRef = 84D5776A1FC1C33B00F04D13 /* AppDelegate.swift */; };
		84D5776D1FC1C33B00F04D13 /* ViewController.swift in Sources */ = {isa = PBXBuildFile; fileRef = 84D5776C1FC1C33B00F04D13 /* ViewController.swift */; };
		84D577701FC1C33B00F04D13 /* Main.storyboard in Resources */ = {isa = PBXBuildFile; fileRef = 84D5776E1FC1C33B00F04D13 /* Main.storyboard */; };
		84D577721FC1C33B00F04D13 /* Assets.xcassets in Resources */ = {isa = PBXBuildFile; fileRef = 84D577711FC1C33B00F04D13 /* Assets.xcassets */; };
		84D577751FC1C33B00F04D13 /* LaunchScreen.storyboard in Resources */ = {isa = PBXBuildFile; fileRef = 84D577731FC1C33B00F04D13 /* LaunchScreen.storyboard */; };
		84EC95C81FCED1DD00ADEB46 /* WeatherVC.swift in Sources */ = {isa = PBXBuildFile; fileRef = 84EC95C71FCED1DD00ADEB46 /* WeatherVC.swift */; };
		84EC95CA1FCEDBD000ADEB46 /* 00171.mp3 in Resources */ = {isa = PBXBuildFile; fileRef = 84EC95C91FCEDBD000ADEB46 /* 00171.mp3 */; };
		84EC960F1FD0053C00ADEB46 /* APLViewController.swift in Sources */ = {isa = PBXBuildFile; fileRef = 84EC960E1FD0053C00ADEB46 /* APLViewController.swift */; };
		84EC96111FD008D200ADEB46 /* APLTableViewCell.swift in Sources */ = {isa = PBXBuildFile; fileRef = 84EC96101FD008D200ADEB46 /* APLTableViewCell.swift */; };
/* End PBXBuildFile section */

/* Begin PBXFileReference section */
		0E5495A9F7F8EF35C8E7F3E3 /* Pods-FinApp.debug.xcconfig */ = {isa = PBXFileReference; includeInIndex = 1; lastKnownFileType = text.xcconfig; name = "Pods-FinApp.debug.xcconfig"; path = "Pods/Target Support Files/Pods-FinApp/Pods-FinApp.debug.xcconfig"; sourceTree = "<group>"; };
		32E0FB00FA9589858153CA4F /* Pods_FinApp.framework */ = {isa = PBXFileReference; explicitFileType = wrapper.framework; includeInIndex = 0; path = Pods_FinApp.framework; sourceTree = BUILT_PRODUCTS_DIR; };
		4EE264E84FCCFCBE31668A5B /* Pods-FinApp.release.xcconfig */ = {isa = PBXFileReference; includeInIndex = 1; lastKnownFileType = text.xcconfig; name = "Pods-FinApp.release.xcconfig"; path = "Pods/Target Support Files/Pods-FinApp/Pods-FinApp.release.xcconfig"; sourceTree = "<group>"; };
		8452C3691FC226C400A5C18D /* cat-myau.mp3 */ = {isa = PBXFileReference; lastKnownFileType = audio.mp3; path = "cat-myau.mp3"; sourceTree = "<group>"; };
		84D577671FC1C33B00F04D13 /* FinApp.app */ = {isa = PBXFileReference; explicitFileType = wrapper.application; includeInIndex = 0; path = FinApp.app; sourceTree = BUILT_PRODUCTS_DIR; };
		84D5776A1FC1C33B00F04D13 /* AppDelegate.swift */ = {isa = PBXFileReference; lastKnownFileType = sourcecode.swift; path = AppDelegate.swift; sourceTree = "<group>"; };
		84D5776C1FC1C33B00F04D13 /* ViewController.swift */ = {isa = PBXFileReference; lastKnownFileType = sourcecode.swift; path = ViewController.swift; sourceTree = "<group>"; };
		84D5776F1FC1C33B00F04D13 /* Base */ = {isa = PBXFileReference; lastKnownFileType = file.storyboard; name = Base; path = Base.lproj/Main.storyboard; sourceTree = "<group>"; };
		84D577711FC1C33B00F04D13 /* Assets.xcassets */ = {isa = PBXFileReference; lastKnownFileType = folder.assetcatalog; path = Assets.xcassets; sourceTree = "<group>"; };
		84D577741FC1C33B00F04D13 /* Base */ = {isa = PBXFileReference; lastKnownFileType = file.storyboard; name = Base; path = Base.lproj/LaunchScreen.storyboard; sourceTree = "<group>"; };
		84D577761FC1C33B00F04D13 /* Info.plist */ = {isa = PBXFileReference; lastKnownFileType = text.plist.xml; path = Info.plist; sourceTree = "<group>"; };
		84EC95C71FCED1DD00ADEB46 /* WeatherVC.swift */ = {isa = PBXFileReference; lastKnownFileType = sourcecode.swift; path = WeatherVC.swift; sourceTree = "<group>"; };
		84EC95C91FCEDBD000ADEB46 /* 00171.mp3 */ = {isa = PBXFileReference; lastKnownFileType = audio.mp3; path = 00171.mp3; sourceTree = "<group>"; };
		84EC960E1FD0053C00ADEB46 /* APLViewController.swift */ = {isa = PBXFileReference; lastKnownFileType = sourcecode.swift; path = APLViewController.swift; sourceTree = "<group>"; };
		84EC96101FD008D200ADEB46 /* APLTableViewCell.swift */ = {isa = PBXFileReference; lastKnownFileType = sourcecode.swift; path = APLTableViewCell.swift; sourceTree = "<group>"; };
/* End PBXFileReference section */

/* Begin PBXFrameworksBuildPhase section */
		84D577641FC1C33B00F04D13 /* Frameworks */ = {
			isa = PBXFrameworksBuildPhase;
			buildActionMask = 2147483647;
			files = (
				594F60C1ED162233842E0488 /* Pods_FinApp.framework in Frameworks */,
			);
			runOnlyForDeploymentPostprocessing = 0;
		};
/* End PBXFrameworksBuildPhase section */

/* Begin PBXGroup section */
		84D5775E1FC1C33B00F04D13 = {
			isa = PBXGroup;
			children = (
				84D577691FC1C33B00F04D13 /* FinApp */,
				84D577681FC1C33B00F04D13 /* Products */,
				8BAC56F2394ADFF18F289EE1 /* Pods */,
				EB205D9B2D90DB4A62B0038A /* Frameworks */,
			);
			sourceTree = "<group>";
		};
		84D577681FC1C33B00F04D13 /* Products */ = {
			isa = PBXGroup;
			children = (
				84D577671FC1C33B00F04D13 /* FinApp.app */,
			);
			name = Products;
			sourceTree = "<group>";
		};
		84D577691FC1C33B00F04D13 /* FinApp */ = {
			isa = PBXGroup;
			children = (
				84D5776A1FC1C33B00F04D13 /* AppDelegate.swift */,
				84D5776C1FC1C33B00F04D13 /* ViewController.swift */,
				84EC95C71FCED1DD00ADEB46 /* WeatherVC.swift */,
				84EC960E1FD0053C00ADEB46 /* APLViewController.swift */,
				84EC96101FD008D200ADEB46 /* APLTableViewCell.swift */,
				84D5776E1FC1C33B00F04D13 /* Main.storyboard */,
				84EC95C91FCEDBD000ADEB46 /* 00171.mp3 */,
				84D577711FC1C33B00F04D13 /* Assets.xcassets */,
				8452C3691FC226C400A5C18D /* cat-myau.mp3 */,
				84D577731FC1C33B00F04D13 /* LaunchScreen.storyboard */,
				84D577761FC1C33B00F04D13 /* Info.plist */,
			);
			path = FinApp;
			sourceTree = "<group>";
		};
		8BAC56F2394ADFF18F289EE1 /* Pods */ = {
			isa = PBXGroup;
			children = (
				0E5495A9F7F8EF35C8E7F3E3 /* Pods-FinApp.debug.xcconfig */,
				4EE264E84FCCFCBE31668A5B /* Pods-FinApp.release.xcconfig */,
			);
			name = Pods;
			sourceTree = "<group>";
		};
		EB205D9B2D90DB4A62B0038A /* Frameworks */ = {
			isa = PBXGroup;
			children = (
				32E0FB00FA9589858153CA4F /* Pods_FinApp.framework */,
			);
			name = Frameworks;
			sourceTree = "<group>";
		};
/* End PBXGroup section */

/* Begin PBXNativeTarget section */
		84D577661FC1C33B00F04D13 /* FinApp */ = {
			isa = PBXNativeTarget;
			buildConfigurationList = 84D577791FC1C33B00F04D13 /* Build configuration list for PBXNativeTarget "FinApp" */;
			buildPhases = (
				B61DBE6B7384AA3865FF0E29 /* [CP] Check Pods Manifest.lock */,
				84D577631FC1C33B00F04D13 /* Sources */,
				84D577641FC1C33B00F04D13 /* Frameworks */,
				84D577651FC1C33B00F04D13 /* Resources */,
				06E89D1032232899EF289046 /* [CP] Embed Pods Frameworks */,
				363684278D1812F246E3354E /* [CP] Copy Pods Resources */,
			);
			buildRules = (
			);
			dependencies = (
			);
			name = FinApp;
			productName = FinApp;
			productReference = 84D577671FC1C33B00F04D13 /* FinApp.app */;
			productType = "com.apple.product-type.application";
		};
/* End PBXNativeTarget section */

/* Begin PBXProject section */
		84D5775F1FC1C33B00F04D13 /* Project object */ = {
			isa = PBXProject;
			attributes = {
				LastSwiftUpdateCheck = 0910;
				LastUpgradeCheck = 0910;
				ORGANIZATIONNAME = "Igor Karyi";
				TargetAttributes = {
					84D577661FC1C33B00F04D13 = {
						CreatedOnToolsVersion = 9.1;
						ProvisioningStyle = Automatic;
					};
				};
			};
			buildConfigurationList = 84D577621FC1C33B00F04D13 /* Build configuration list for PBXProject "FinApp" */;
			compatibilityVersion = "Xcode 8.0";
			developmentRegion = en;
			hasScannedForEncodings = 0;
			knownRegions = (
				en,
				Base,
			);
			mainGroup = 84D5775E1FC1C33B00F04D13;
			productRefGroup = 84D577681FC1C33B00F04D13 /* Products */;
			projectDirPath = "";
			projectRoot = "";
			targets = (
				84D577661FC1C33B00F04D13 /* FinApp */,
			);
		};
/* End PBXProject section */

/* Begin PBXResourcesBuildPhase section */
		84D577651FC1C33B00F04D13 /* Resources */ = {
			isa = PBXResourcesBuildPhase;
			buildActionMask = 2147483647;
			files = (
				84D577751FC1C33B00F04D13 /* LaunchScreen.storyboard in Resources */,
				84D577721FC1C33B00F04D13 /* Assets.xcassets in Resources */,
				84EC95CA1FCEDBD000ADEB46 /* 00171.mp3 in Resources */,
				84D577701FC1C33B00F04D13 /* Main.storyboard in Resources */,
				8452C36A1FC226C400A5C18D /* cat-myau.mp3 in Resources */,
			);
			runOnlyForDeploymentPostprocessing = 0;
		};
/* End PBXResourcesBuildPhase section */

/* Begin PBXShellScriptBuildPhase section */
		06E89D1032232899EF289046 /* [CP] Embed Pods Frameworks */ = {
			isa = PBXShellScriptBuildPhase;
			buildActionMask = 2147483647;
			files = (
			);
			inputPaths = (
			);
			name = "[CP] Embed Pods Frameworks";
			outputPaths = (
			);
			runOnlyForDeploymentPostprocessing = 0;
			shellPath = /bin/sh;
			shellScript = "\"${SRCROOT}/Pods/Target Support Files/Pods-FinApp/Pods-FinApp-frameworks.sh\"\n";
			showEnvVarsInLog = 0;
		};
		363684278D1812F246E3354E /* [CP] Copy Pods Resources */ = {
			isa = PBXShellScriptBuildPhase;
			buildActionMask = 2147483647;
			files = (
			);
			inputPaths = (
			);
			name = "[CP] Copy Pods Resources";
			outputPaths = (
			);
			runOnlyForDeploymentPostprocessing = 0;
			shellPath = /bin/sh;
			shellScript = "\"${SRCROOT}/Pods/Target Support Files/Pods-FinApp/Pods-FinApp-resources.sh\"\n";
			showEnvVarsInLog = 0;
		};
		B61DBE6B7384AA3865FF0E29 /* [CP] Check Pods Manifest.lock */ = {
			isa = PBXShellScriptBuildPhase;
			buildActionMask = 2147483647;
			files = (
			);
			inputPaths = (
			);
			name = "[CP] Check Pods Manifest.lock";
			outputPaths = (
			);
			runOnlyForDeploymentPostprocessing = 0;
			shellPath = /bin/sh;
			shellScript = "diff \"${PODS_ROOT}/../Podfile.lock\" \"${PODS_ROOT}/Manifest.lock\" > /dev/null\nif [ $? != 0 ] ; then\n    # print error to STDERR\n    echo \"error: The sandbox is not in sync with the Podfile.lock. Run 'pod install' or update your CocoaPods installation.\" >&2\n    exit 1\nfi\n";
			showEnvVarsInLog = 0;
		};
/* End PBXShellScriptBuildPhase section */

/* Begin PBXSourcesBuildPhase section */
		84D577631FC1C33B00F04D13 /* Sources */ = {
			isa = PBXSourcesBuildPhase;
			buildActionMask = 2147483647;
			files = (
				84D5776D1FC1C33B00F04D13 /* ViewController.swift in Sources */,
				84EC95C81FCED1DD00ADEB46 /* WeatherVC.swift in Sources */,
				84EC960F1FD0053C00ADEB46 /* APLViewController.swift in Sources */,
				84D5776B1FC1C33B00F04D13 /* AppDelegate.swift in Sources */,
				84EC96111FD008D200ADEB46 /* APLTableViewCell.swift in Sources */,
			);
			runOnlyForDeploymentPostprocessing = 0;
		};
/* End PBXSourcesBuildPhase section */

/* Begin PBXVariantGroup section */
		84D5776E1FC1C33B00F04D13 /* Main.storyboard */ = {
			isa = PBXVariantGroup;
			children = (
				84D5776F1FC1C33B00F04D13 /* Base */,
			);
			name = Main.storyboard;
			sourceTree = "<group>";
		};
		84D577731FC1C33B00F04D13 /* LaunchScreen.storyboard */ = {
			isa = PBXVariantGroup;
			children = (
				84D577741FC1C33B00F04D13 /* Base */,
			);
			name = LaunchScreen.storyboard;
			sourceTree = "<group>";
		};
/* End PBXVariantGroup section */

/* Begin XCBuildConfiguration section */
		84D577771FC1C33B00F04D13 /* Debug */ = {
			isa = XCBuildConfiguration;
			buildSettings = {
				ALWAYS_SEARCH_USER_PATHS = NO;
				CLANG_ANALYZER_NONNULL = YES;
				CLANG_ANALYZER_NUMBER_OBJECT_CONVERSION = YES_AGGRESSIVE;
				CLANG_CXX_LANGUAGE_STANDARD = "gnu++14";
				CLANG_CXX_LIBRARY = "libc++";
				CLANG_ENABLE_MODULES = YES;
				CLANG_ENABLE_OBJC_ARC = YES;
				CLANG_WARN_BLOCK_CAPTURE_AUTORELEASING = YES;
				CLANG_WARN_BOOL_CONVERSION = YES;
				CLANG_WARN_COMMA = YES;
				CLANG_WARN_CONSTANT_CONVERSION = YES;
				CLANG_WARN_DIRECT_OBJC_ISA_USAGE = YES_ERROR;
				CLANG_WARN_DOCUMENTATION_COMMENTS = YES;
				CLANG_WARN_EMPTY_BODY = YES;
				CLANG_WARN_ENUM_CONVERSION = YES;
				CLANG_WARN_INFINITE_RECURSION = YES;
				CLANG_WARN_INT_CONVERSION = YES;
				CLANG_WARN_NON_LITERAL_NULL_CONVERSION = YES;
				CLANG_WARN_OBJC_LITERAL_CONVERSION = YES;
				CLANG_WARN_OBJC_ROOT_CLASS = YES_ERROR;
				CLANG_WARN_RANGE_LOOP_ANALYSIS = YES;
				CLANG_WARN_STRICT_PROTOTYPES = YES;
				CLANG_WARN_SUSPICIOUS_MOVE = YES;
				CLANG_WARN_UNGUARDED_AVAILABILITY = YES_AGGRESSIVE;
				CLANG_WARN_UNREACHABLE_CODE = YES;
				CLANG_WARN__DUPLICATE_METHOD_MATCH = YES;
				CODE_SIGN_IDENTITY = "iPhone Developer";
				COPY_PHASE_STRIP = NO;
				DEBUG_INFORMATION_FORMAT = dwarf;
				ENABLE_STRICT_OBJC_MSGSEND = YES;
				ENABLE_TESTABILITY = YES;
				GCC_C_LANGUAGE_STANDARD = gnu11;
				GCC_DYNAMIC_NO_PIC = NO;
				GCC_NO_COMMON_BLOCKS = YES;
				GCC_OPTIMIZATION_LEVEL = 0;
				GCC_PREPROCESSOR_DEFINITIONS = (
					"DEBUG=1",
					"$(inherited)",
				);
				GCC_WARN_64_TO_32_BIT_CONVERSION = YES;
				GCC_WARN_ABOUT_RETURN_TYPE = YES_ERROR;
				GCC_WARN_UNDECLARED_SELECTOR = YES;
				GCC_WARN_UNINITIALIZED_AUTOS = YES_AGGRESSIVE;
				GCC_WARN_UNUSED_FUNCTION = YES;
				GCC_WARN_UNUSED_VARIABLE = YES;
				IPHONEOS_DEPLOYMENT_TARGET = 11.1;
				MTL_ENABLE_DEBUG_INFO = YES;
				ONLY_ACTIVE_ARCH = YES;
				SDKROOT = iphoneos;
				SWIFT_ACTIVE_COMPILATION_CONDITIONS = DEBUG;
				SWIFT_OPTIMIZATION_LEVEL = "-Onone";
			};
			name = Debug;
		};
		84D577781FC1C33B00F04D13 /* Release */ = {
			isa = XCBuildConfiguration;
			buildSettings = {
				ALWAYS_SEARCH_USER_PATHS = NO;
				CLANG_ANALYZER_NONNULL = YES;
				CLANG_ANALYZER_NUMBER_OBJECT_CONVERSION = YES_AGGRESSIVE;
				CLANG_CXX_LANGUAGE_STANDARD = "gnu++14";
				CLANG_CXX_LIBRARY = "libc++";
				CLANG_ENABLE_MODULES = YES;
				CLANG_ENABLE_OBJC_ARC = YES;
				CLANG_WARN_BLOCK_CAPTURE_AUTORELEASING = YES;
				CLANG_WARN_BOOL_CONVERSION = YES;
				CLANG_WARN_COMMA = YES;
				CLANG_WARN_CONSTANT_CONVERSION = YES;
				CLANG_WARN_DIRECT_OBJC_ISA_USAGE = YES_ERROR;
				CLANG_WARN_DOCUMENTATION_COMMENTS = YES;
				CLANG_WARN_EMPTY_BODY = YES;
				CLANG_WARN_ENUM_CONVERSION = YES;
				CLANG_WARN_INFINITE_RECURSION = YES;
				CLANG_WARN_INT_CONVERSION = YES;
				CLANG_WARN_NON_LITERAL_NULL_CONVERSION = YES;
				CLANG_WARN_OBJC_LITERAL_CONVERSION = YES;
				CLANG_WARN_OBJC_ROOT_CLASS = YES_ERROR;
				CLANG_WARN_RANGE_LOOP_ANALYSIS = YES;
				CLANG_WARN_STRICT_PROTOTYPES = YES;
				CLANG_WARN_SUSPICIOUS_MOVE = YES;
				CLANG_WARN_UNGUARDED_AVAILABILITY = YES_AGGRESSIVE;
				CLANG_WARN_UNREACHABLE_CODE = YES;
				CLANG_WARN__DUPLICATE_METHOD_MATCH = YES;
				CODE_SIGN_IDENTITY = "iPhone Developer";
				COPY_PHASE_STRIP = NO;
				DEBUG_INFORMATION_FORMAT = "dwarf-with-dsym";
				ENABLE_NS_ASSERTIONS = NO;
				ENABLE_STRICT_OBJC_MSGSEND = YES;
				GCC_C_LANGUAGE_STANDARD = gnu11;
				GCC_NO_COMMON_BLOCKS = YES;
				GCC_WARN_64_TO_32_BIT_CONVERSION = YES;
				GCC_WARN_ABOUT_RETURN_TYPE = YES_ERROR;
				GCC_WARN_UNDECLARED_SELECTOR = YES;
				GCC_WARN_UNINITIALIZED_AUTOS = YES_AGGRESSIVE;
				GCC_WARN_UNUSED_FUNCTION = YES;
				GCC_WARN_UNUSED_VARIABLE = YES;
				IPHONEOS_DEPLOYMENT_TARGET = 11.1;
				MTL_ENABLE_DEBUG_INFO = NO;
				SDKROOT = iphoneos;
				SWIFT_OPTIMIZATION_LEVEL = "-Owholemodule";
				VALIDATE_PRODUCT = YES;
			};
			name = Release;
		};
		84D5777A1FC1C33B00F04D13 /* Debug */ = {
			isa = XCBuildConfiguration;
			baseConfigurationReference = 0E5495A9F7F8EF35C8E7F3E3 /* Pods-FinApp.debug.xcconfig */;
			buildSettings = {
				ASSETCATALOG_COMPILER_APPICON_NAME = AppIcon;
				CODE_SIGN_STYLE = Automatic;
				DEVELOPMENT_TEAM = AV23R78L97;
				INFOPLIST_FILE = FinApp/Info.plist;
				LD_RUNPATH_SEARCH_PATHS = "$(inherited) @executable_path/Frameworks";
				PRODUCT_BUNDLE_IDENTIFIER = karyi.FinApp;
				PRODUCT_NAME = "$(TARGET_NAME)";
				SWIFT_VERSION = 4.0;
				TARGETED_DEVICE_FAMILY = "1,2";
			};
			name = Debug;
		};
		84D5777B1FC1C33B00F04D13 /* Release */ = {
			isa = XCBuildConfiguration;
			baseConfigurationReference = 4EE264E84FCCFCBE31668A5B /* Pods-FinApp.release.xcconfig */;
			buildSettings = {
				ASSETCATALOG_COMPILER_APPICON_NAME = AppIcon;
				CODE_SIGN_STYLE = Automatic;
				DEVELOPMENT_TEAM = AV23R78L97;
				INFOPLIST_FILE = FinApp/Info.plist;
				LD_RUNPATH_SEARCH_PATHS = "$(inherited) @executable_path/Frameworks";
				PRODUCT_BUNDLE_IDENTIFIER = karyi.FinApp;
				PRODUCT_NAME = "$(TARGET_NAME)";
				SWIFT_VERSION = 4.0;
				TARGETED_DEVICE_FAMILY = "1,2";
			};
			name = Release;
		};
/* End XCBuildConfiguration section */

/* Begin XCConfigurationList section */
		84D577621FC1C33B00F04D13 /* Build configuration list for PBXProject "FinApp" */ = {
			isa = XCConfigurationList;
			buildConfigurations = (
				84D577771FC1C33B00F04D13 /* Debug */,
				84D577781FC1C33B00F04D13 /* Release */,
			);
			defaultConfigurationIsVisible = 0;
			defaultConfigurationName = Release;
		};
		84D577791FC1C33B00F04D13 /* Build configuration list for PBXNativeTarget "FinApp" */ = {
			isa = XCConfigurationList;
			buildConfigurations = (
				84D5777A1FC1C33B00F04D13 /* Debug */,
				84D5777B1FC1C33B00F04D13 /* Release */,
			);
			defaultConfigurationIsVisible = 0;
			defaultConfigurationName = Release;
		};
/* End XCConfigurationList section */
	};
	rootObject = 84D5775F1FC1C33B00F04D13 /* Project object */;
}
